{
  "version": "5",
  "specifiers": {
    "jsr:@std/cli@^1.0.29": "1.0.29",
    "jsr:@std/encoding@^1.0.10": "1.0.10",
    "jsr:@std/fmt@^1.0.10": "1.0.10",
    "jsr:@std/fs@^1.0.23": "1.0.23",
    "jsr:@std/html@^1.0.6": "1.0.6",
    "jsr:@std/http@*": "1.1.0",
    "jsr:@std/internal@^1.0.12": "1.0.13",
    "jsr:@std/media-types@^1.1.0": "1.1.0",
    "jsr:@std/net@^1.0.6": "1.0.6",
    "jsr:@std/path@^1.1.4": "1.1.4",
    "jsr:@std/streams@^1.1.0": "1.1.0",
    "npm:@did.coop/did-key-ed25519@0.0.14": "0.0.14",
    "npm:@wallet.storage/fetch-client@^1.1.3": "1.3.0",
    "npm:crypto-js@*": "4.2.0"
  },
  "jsr": {
    "@std/cli@1.0.29": {
      "integrity": "fa4ef29130baa834d8a13b7d138240c3a2fcfba740bfb7afa646a360a15ec84f"
    },
    "@std/encoding@1.0.10": {
      "integrity": "8783c6384a2d13abd5e9e87a7ae0520a30e9f56aeeaa3bdf910a3eaaf5c811a1"
    },
    "@std/fmt@1.0.10": {
      "integrity": "90dfba288802ac6de82fb31d0917eb9e4450b9925b954d5e51fc29ac07419db5"
    },
    "@std/fs@1.0.23": {
      "integrity": "3ecbae4ce4fee03b180fa710caff36bb5adb66631c46a6460aaad49515565a37"
    },
    "@std/html@1.0.6": {
      "integrity": "eaf759c8141e0733ca30eb49e4c08d8e6ca442b85c4d51f9894a56f502993e08"
    },
    "@std/http@1.1.0": {
      "integrity": "265cd9a589fea924c5bb0bbed8bebb4bb2fa19129f760bd014e78dbd7a365a51",
      "dependencies": [
        "jsr:@std/cli",
        "jsr:@std/encoding",
        "jsr:@std/fmt",
        "jsr:@std/fs",
        "jsr:@std/html",
        "jsr:@std/media-types",
        "jsr:@std/net",
        "jsr:@std/path",
        "jsr:@std/streams"
      ]
    },
    "@std/internal@1.0.13": {
      "integrity": "2f9546691d4ac2d32859c82dff284aaeac980ddeca38430d07941e7e288725c0"
    },
    "@std/media-types@1.1.0": {
      "integrity": "c9d093f0c05c3512932b330e3cc1fe1d627b301db33a4c2c2185c02471d6eaa4"
    },
    "@std/net@1.0.6": {
      "integrity": "110735f93e95bb9feb95790a8b1d1bf69ec0dc74f3f97a00a76ea5efea25500c"
    },
    "@std/path@1.1.4": {
      "integrity": "1d2d43f39efb1b42f0b1882a25486647cb851481862dc7313390b2bb044314b5",
      "dependencies": [
        "jsr:@std/internal"
      ]
    },
    "@std/streams@1.1.0": {
      "integrity": "2f7024d841f343fd478afe0c958a3f0f068ef2a0d2bcc954f550f97ac1fa22e3"
    }
  },
  "npm": {
    "@did.coop/did-key-ed25519@0.0.14": {
      "integrity": "sha512-AFtMOuTHXHe03AEmSZMaPEDSftljCe6+Wo3wWeQvlul3sXBecGgRHQcbwFkRWGF+z2iIOR1fqNMjHx3/YjQ6Og==",
      "dependencies": [
        "@digitalbazaar/did-method-key",
        "@digitalbazaar/ed25519-verification-key-2020",
        "@types/node",
        "base58-universal",
        "base64url-universal"
      ]
    },
    "@digitalbazaar/did-io@2.1.0": {
      "integrity": "sha512-hIS3GQYFwvVEpUGtvL2yqvm4hk/K/I+plwp4dNKobuVICPJUTnqzdyLzoZ6FfNMnS1+ixEG9WYU1bAUW1kbkUw==",
      "dependencies": [
        "@digitalbazaar/lru-memoize"
      ]
    },
    "@digitalbazaar/did-method-key@5.3.0": {
      "integrity": "sha512-bncVchDJgEo1G+jJUeecKMskdc65fiiHEIBb44yjj+/3+P3l+WMW9ozCH4ktQIHf+2/FlBFEsH+B42COeE1BVg==",
      "dependencies": [
        "@digitalbazaar/did-io",
        "@digitalbazaar/ed25519-multikey",
        "@digitalbazaar/x25519-key-agreement-key-2020"
      ]
    },
    "@digitalbazaar/ed25519-multikey@1.3.1": {
      "integrity": "sha512-55qIbOaAyswVCFfZ70ap7SN2bDSwYmcVbUtGCrpVF/CjuJ8IPqf6z8fDPJzB+CE7Q896SaZlcDukz4LOwIRCPA==",
      "dependencies": [
        "@noble/ed25519",
        "base58-universal",
        "base64url-universal"
      ]
    },
    "@digitalbazaar/ed25519-verification-key-2020@4.2.0": {
      "integrity": "sha512-urEVTYkt+uYD8GjdoS6gkm2sKBich1hqx42b6vvUOmNgF0agZ95JlUjiJXEx+VOwu7WSjJSnEBph2Qatkrk1CA==",
      "dependencies": [
        "@noble/ed25519",
        "base58-universal",
        "base64url-universal",
        "crypto-ld"
      ]
    },
    "@digitalbazaar/http-signature-header@5.0.1": {
      "integrity": "sha512-c7U6KYLEcAv1lh6QdBocOzuqmE5HKT2BAwn+0roiIPv527c+6qUh7rPHMrbVavWYTgk9kWBhCPba+Ql7gwG57g==",
      "dependencies": [
        "assert-plus"
      ]
    },
    "@digitalbazaar/lru-memoize@3.0.2": {
      "integrity": "sha512-O7fv5GnFY/XZggJ3bQuce1E4LcFxrexSJmubto8v3YABaIuP5McQFAxn3m9oV6BHRQXa/wURItpvY/g5X3kwVw==",
      "dependencies": [
        "lru-cache"
      ]
    },
    "@digitalbazaar/x25519-key-agreement-key-2020@3.0.1": {
      "integrity": "sha512-GmpPEc3ZD/7fz3St38ELa8qgJzjfTxCJi7cwAYPAcZ8Iynldj8sSf2hIblYjjlB82pIENhyXLQHcIALluGcrqA==",
      "dependencies": [
        "@noble/ed25519",
        "base58-universal",
        "crypto-ld",
        "tweetnacl"
      ]
    },
    "@noble/ed25519@1.7.5": {
      "integrity": "sha512-xuS0nwRMQBvSxDa7UxMb61xTiH3MxTgUfhyPUALVIe0FlOAz4sjELwyDRyUvqeEYfRSG9qNjFIycqLZppg4RSA=="
    },
    "@types/node@22.19.17": {
      "integrity": "sha512-wGdMcf+vPYM6jikpS/qhg6WiqSV/OhG+jeeHT/KlVqxYfD40iYJf9/AE1uQxVWFvU7MipKRkRv8NSHiCGgPr8Q==",
      "dependencies": [
        "undici-types"
      ]
    },
    "@wallet.storage/fetch-client@1.3.0": {
      "integrity": "sha512-/JBLH9xYHY1hnHKR0osLegmqmBY/mn02xqMsGhPJXKzDgelXFCpyEooiKAwa8mJ5HCghRt44VdLDEjMilnyu8A==",
      "dependencies": [
        "authorization-signature",
        "zod"
      ]
    },
    "assert-plus@1.0.0": {
      "integrity": "sha512-NfJ4UzBCcQGLDlQq7nHxH+tv3kyZ0hHQqF5BO6J7tNJeP5do1llPr8dZ8zHonfhAu0PHAdMkSo+8o0wxg9lZWw=="
    },
    "authorization-signature@1.2.0": {
      "integrity": "sha512-iueyfNicCuVlfRPQyWEnzV/FPwt0nwW5AquhFMShBf/HnLgGW54Wo9FvqBMCgMOWolKIpEhEqFJVgb1J3Y3Slg==",
      "dependencies": [
        "@digitalbazaar/http-signature-header"
      ]
    },
    "base58-universal@2.0.0": {
      "integrity": "sha512-BgkgF8zVLOAygszG4W8NkLm7iXrw80VYAOcedrzANrIhS14+4W6zVqjyGTFUBM/FpqkHUt8aAYd4DbBBfn3zKg=="
    },
    "base64url-universal@2.0.0": {
      "integrity": "sha512-6Hpg7EBf3t148C3+fMzjf+CHnADVDafWzlJUXAqqqbm4MKNXbsoPdOkWeRTjNlkYG7TpyjIpRO1Gk0SnsFD1rw==",
      "dependencies": [
        "base64url"
      ]
    },
    "base64url@3.0.1": {
      "integrity": "sha512-ir1UPr3dkwexU7FdV8qBBbNDRUhMmIekYMFZfi+C/sLNnRESKPl23nB9b2pltqfOQNnGzsDdId90AEtG5tCx4A=="
    },
    "crypto-js@4.2.0": {
      "integrity": "sha512-KALDyEYgpY+Rlob/iriUtjV6d5Eq+Y191A5g4UqLAi8CyGP9N1+FdVbkc1SxKc2r4YAYqG8JzO2KGL+AizD70Q=="
    },
    "crypto-ld@7.0.0": {
      "integrity": "sha512-RrXy6aB0TOhSiqsgavTQt1G8mKomKIaNLb2JZxj7A/Vi0EwmXguuBQoeiAvePfK6bDR3uQbqYnaLLs4irTWwgw=="
    },
    "lru-cache@6.0.0": {
      "integrity": "sha512-Jo6dJ04CmSjuznwJSS3pUeWmd/H0ffTlkXXgwZi+eq1UCmqQwCh+eLsYOYCwY991i2Fah4h1BEMCx4qThGbsiA==",
      "dependencies": [
        "yallist"
      ]
    },
    "tweetnacl@1.0.3": {
      "integrity": "sha512-6rt+RN7aOi1nGMyC4Xa5DdYiukl2UWCbcJft7YhxReBGQD7OAM8Pbxw6YMo4r2diNEA8FEmu32YOn9rhaiE5yw=="
    },
    "undici-types@6.21.0": {
      "integrity": "sha512-iwDZqg0QAGrg9Rav5H4n0M64c3mkR59cJ6wQp+7C4nI0gsmExaedaYLNO44eT4AtBBwjbTiGPMlt2Md0T9H9JQ=="
    },
    "yallist@4.0.0": {
      "integrity": "sha512-3wdGidZyq5PB084XLES5TpOSRA3wjXAlIWMhum2kRcv/41Sn2emQ0dycQW4uZXLejwKvg6EsvbdlVL+FYEct7A=="
    },
    "zod@3.25.76": {
      "integrity": "sha512-gzUt/qt81nXsFGKIFcC3YnfEAx5NkunCfnDlvuBSSFS02bcXu4Lmea0AFIUwbLWxWPx3d9p8S5QoaujKcNQxcQ=="
    }
  }
}
